# THIS IS AN AUTOGENERATED FILE. DO NOT EDIT THIS FILE DIRECTLY.
# yarn lockfile v1


"ng-admin@https://github.com/marmelab/ng-admin.git#5a29901f1d153c0e6312a14289e99c3e1f6adc1a":
  version "1.0.0-alpha4"
  resolved "https://github.com/marmelab/ng-admin.git#5a29901f1d153c0e6312a14289e99c3e1f6adc1a"
